<?xml version="1.0" encoding="utf-8"?>
<Project ToolsVersion="4.0" xmlns="http://schemas.microsoft.com/developer/msbuild/2003">
  <ItemGroup>
    <Filter Include="Source Files">
      <UniqueIdentifier>{4FC737F1-C7A5-4376-A066-2A32D752A2FF}</UniqueIdentifier>
      <Extensions>cpp;c;cc;cxx;c++;cppm;ixx;def;odl;idl;hpj;bat;asm;asmx</Extensions>
    </Filter>
    <Filter Include="Header Files">
      <UniqueIdentifier>{93995380-89BD-4b04-88EB-625FBE52EBFB}</UniqueIdentifier>
      <Extensions>h;hh;hpp;hxx;h++;hm;inl;inc;ipp;xsd</Extensions>
    </Filter>
    <Filter Include="Resource Files">
      <UniqueIdentifier>{67DA6AB6-F800-4c08-8B7A-83BB121AAD01}</UniqueIdentifier>
      <Extensions>rc;ico;cur;bmp;dlg;rc2;rct;bin;rgs;gif;jpg;jpeg;jpe;resx;tiff;tif;png;wav;mfcribbon-ms</Extensions>
    </Filter>
    <Filter Include="Header Files\app">
      <UniqueIdentifier>{9a049ce9-0560-44d0-a6d3-e2e8e4c77b4e}</UniqueIdentifier>
    </Filter>
    <Filter Include="Header Files\input">
      <UniqueIdentifier>{3b784241-9fe8-4f45-a482-a2fadcc1799f}</UniqueIdentifier>
    </Filter>
    <Filter Include="Header Files\utils">
      <UniqueIdentifier>{90d7ab1d-becf-4f9a-af41-38b8efdac65d}</UniqueIdentifier>
    </Filter>
    <Filter Include="Source Files\app">
      <UniqueIdentifier>{d74327f1-a35d-4187-9ee7-6f14e1520d12}</UniqueIdentifier>
    </Filter>
    <Filter Include="Header Files\sdl">
      <UniqueIdentifier>{80174403-f295-4135-9b3e-0883c4455b44}</UniqueIdentifier>
    </Filter>
    <Filter Include="Source Files\sdl">
      <UniqueIdentifier>{5b245529-3059-4a3e-93be-5876ed81e3de}</UniqueIdentifier>
    </Filter>
  </ItemGroup>
  <ItemGroup>
    <ClInclude Include="..\src\app\app.hpp">
      <Filter>Header Files\app</Filter>
    </ClInclude>
    <ClInclude Include="..\src\app\app_input.hpp">
      <Filter>Header Files\app</Filter>
    </ClInclude>
    <ClInclude Include="..\src\app\app_types.hpp">
      <Filter>Header Files\app</Filter>
    </ClInclude>
    <ClInclude Include="..\src\app\colors.hpp">
      <Filter>Header Files\app</Filter>
    </ClInclude>
    <ClInclude Include="..\src\app\range_list.hpp">
      <Filter>Header Files\app</Filter>
    </ClInclude>
    <ClInclude Include="..\src\app\render.hpp">
      <Filter>Header Files\app</Filter>
    </ClInclude>
    <ClInclude Include="..\src\app\render_include.hpp">
      <Filter>Header Files\app</Filter>
    </ClInclude>
    <ClInclude Include="..\src\input\input.hpp">
      <Filter>Header Files\input</Filter>
    </ClInclude>
    <ClInclude Include="..\src\input\input_state.hpp">
      <Filter>Header Files\input</Filter>
    </ClInclude>
    <ClInclude Include="..\src\utils\defines.hpp">
      <Filter>Header Files\utils</Filter>
    </ClInclude>
    <ClInclude Include="..\src\utils\index_range.hpp">
      <Filter>Header Files\utils</Filter>
    </ClInclude>
    <ClInclude Include="..\src\utils\stopwatch.hpp">
      <Filter>Header Files\utils</Filter>
    </ClInclude>
    <ClInclude Include="..\src\utils\types.hpp">
      <Filter>Header Files\utils</Filter>
    </ClInclude>
    <ClInclude Include="..\src\sdl\sdl_input.hpp">
      <Filter>Header Files\sdl</Filter>
    </ClInclude>
    <ClInclude Include="resource.h">
      <Filter>Header Files</Filter>
    </ClInclude>
  </ItemGroup>
  <ItemGroup>
    <ClCompile Include="..\src\app\app.cpp">
      <Filter>Source Files\app</Filter>
    </ClCompile>
    <ClCompile Include="..\src\app\app_input.cpp">
      <Filter>Source Files\app</Filter>
    </ClCompile>
    <ClCompile Include="..\src\app\render.cpp">
      <Filter>Source Files\app</Filter>
    </ClCompile>
    <ClCompile Include="..\src\sdl\sdl_input.cpp">
      <Filter>Source Files\sdl</Filter>
    </ClCompile>
    <ClCompile Include="..\src\sdl\sdl_main.cpp">
      <Filter>Source Files\sdl</Filter>
    </ClCompile>
  </ItemGroup>
  <ItemGroup>
    <ResourceCompile Include="MandelbrotWin32SDL2.rc">
      <Filter>Resource Files</Filter>
    </ResourceCompile>
  </ItemGroup>
  <ItemGroup>
    <Image Include="..\src\resources\icon.ico">
      <Filter>Resource Files</Filter>
    </Image>
  </ItemGroup>
</Project>