<?xml version="1.0" encoding="utf-8"?>
<Project ToolsVersion="4.0" xmlns="http://schemas.microsoft.com/developer/msbuild/2003">
  <ItemGroup>
    <Filter Include="Source Files">
      <UniqueIdentifier>{4FC737F1-C7A5-4376-A066-2A32D752A2FF}</UniqueIdentifier>
      <Extensions>cpp;c;cc;cxx;c++;cppm;ixx;def;odl;idl;hpj;bat;asm;asmx</Extensions>
    </Filter>
    <Filter Include="Header Files">
      <UniqueIdentifier>{93995380-89BD-4b04-88EB-625FBE52EBFB}</UniqueIdentifier>
      <Extensions>h;hh;hpp;hxx;h++;hm;inl;inc;ipp;xsd</Extensions>
    </Filter>
    <Filter Include="Resource Files">
      <UniqueIdentifier>{67DA6AB6-F800-4c08-8B7A-83BB121AAD01}</UniqueIdentifier>
      <Extensions>rc;ico;cur;bmp;dlg;rc2;rct;bin;rgs;gif;jpg;jpeg;jpe;resx;tiff;tif;png;wav;mfcribbon-ms</Extensions>
    </Filter>
    <Filter Include="Header Files\app">
      <UniqueIdentifier>{91517334-45cc-4cab-861f-c5b6ff6f4223}</UniqueIdentifier>
    </Filter>
    <Filter Include="Header Files\input">
      <UniqueIdentifier>{66e61d81-28c9-4b46-9a87-e1fc7f046cea}</UniqueIdentifier>
    </Filter>
    <Filter Include="Header Files\utils">
      <UniqueIdentifier>{fce8934d-cfea-4e72-bf24-fac8bc90b857}</UniqueIdentifier>
    </Filter>
    <Filter Include="Header Files\win32">
      <UniqueIdentifier>{0e969218-2827-406f-9eed-39d975970125}</UniqueIdentifier>
    </Filter>
    <Filter Include="Source Files\app">
      <UniqueIdentifier>{3db77637-d5cf-47d4-88e2-99a6fb738f70}</UniqueIdentifier>
    </Filter>
    <Filter Include="Source Files\win32">
      <UniqueIdentifier>{27f9f978-be34-44ed-9d83-2c8a665bdd50}</UniqueIdentifier>
    </Filter>
  </ItemGroup>
  <ItemGroup>
    <ClInclude Include="..\src\app\app.hpp">
      <Filter>Header Files\app</Filter>
    </ClInclude>
    <ClInclude Include="..\src\input\button_state.hpp">
      <Filter>Header Files\input</Filter>
    </ClInclude>
    <ClInclude Include="..\src\input\input.hpp">
      <Filter>Header Files\input</Filter>
    </ClInclude>
    <ClInclude Include="..\src\input\keyboard.hpp">
      <Filter>Header Files\input</Filter>
    </ClInclude>
    <ClInclude Include="..\src\input\mouse.hpp">
      <Filter>Header Files\input</Filter>
    </ClInclude>
    <ClInclude Include="..\src\utils\image.hpp">
      <Filter>Header Files\utils</Filter>
    </ClInclude>
    <ClInclude Include="..\src\utils\index_range.hpp">
      <Filter>Header Files\utils</Filter>
    </ClInclude>
    <ClInclude Include="..\src\utils\stopwatch.hpp">
      <Filter>Header Files\utils</Filter>
    </ClInclude>
    <ClInclude Include="..\src\utils\types.hpp">
      <Filter>Header Files\utils</Filter>
    </ClInclude>
    <ClInclude Include="..\src\utils\win32_leak_check.h">
      <Filter>Header Files\utils</Filter>
    </ClInclude>
    <ClInclude Include="..\src\win32\framework.h">
      <Filter>Header Files\win32</Filter>
    </ClInclude>
    <ClInclude Include="..\src\win32\win32_main.hpp">
      <Filter>Header Files\win32</Filter>
    </ClInclude>
    <ClInclude Include="..\src\win32\targetver.h">
      <Filter>Header Files\win32</Filter>
    </ClInclude>
    <ClInclude Include="resource.h">
      <Filter>Header Files</Filter>
    </ClInclude>
    <ClInclude Include="..\src\app\types.hpp">
      <Filter>Header Files\app</Filter>
    </ClInclude>
    <ClInclude Include="..\src\app\colors.hpp">
      <Filter>Header Files\app</Filter>
    </ClInclude>
    <ClInclude Include="..\src\app\render.hpp">
      <Filter>Header Files\app</Filter>
    </ClInclude>
    <ClInclude Include="..\src\input\controller.hpp">
      <Filter>Header Files\input</Filter>
    </ClInclude>
    <ClInclude Include="..\src\input\input_state.hpp">
      <Filter>Header Files\input</Filter>
    </ClInclude>
  </ItemGroup>
  <ItemGroup>
    <ClCompile Include="..\src\app\app.cpp">
      <Filter>Source Files\app</Filter>
    </ClCompile>
    <ClCompile Include="..\src\win32\win32_input.cpp">
      <Filter>Source Files\win32</Filter>
    </ClCompile>
    <ClCompile Include="..\src\win32\win32_main.cpp">
      <Filter>Source Files\win32</Filter>
    </ClCompile>
    <ClCompile Include="..\src\app\render.cpp">
      <Filter>Source Files\app</Filter>
    </ClCompile>
  </ItemGroup>
  <ItemGroup>
    <ResourceCompile Include="MandelbrotWin32.rc">
      <Filter>Resource Files</Filter>
    </ResourceCompile>
  </ItemGroup>
  <ItemGroup>
    <Image Include="..\src\resources\icon.ico">
      <Filter>Resource Files</Filter>
    </Image>
    <Image Include="..\src\resources\small.ico">
      <Filter>Resource Files</Filter>
    </Image>
  </ItemGroup>
</Project>